# This file is automatically @generated by Cargo.
# It is not intended for manual editing.
version = 3

[[package]]
name = "qos"
version = "0.1.0"
dependencies = [
 "qos_macros",
]

[[package]]
name = "qos_macros"
version = "0.1.0"
source = "git+https://github.com/Qwinci/qOS?branch=rust-macros#0b83368fcfcd7ce6e73c6efd7fd01ef61e25d36c"
